{
  "name": "zebkit",
  "version": "1.0.0",
  "dependencies": {
    "browser-env": {
      "version": "2.0.31",
      "dependencies": {
        "window": {
          "version": "3.1.5",
          "dependencies": {
            "jsdom": {
              "version": "9.11.0",
              "dependencies": {
                "abab": {
                  "version": "1.0.3"
                },
                "acorn": {
                  "version": "4.0.13"
                },
                "acorn-globals": {
                  "version": "3.1.0",
                  "dependencies": {
                    "acorn": {
                      "version": "4.0.13"
                    }
                  }
                },
                "array-equal": {
                  "version": "1.0.0"
                },
                "content-type-parser": {
                  "version": "1.0.1"
                },
                "cssom": {
                  "version": "0.3.2"
                },
                "cssstyle": {
                  "version": "0.2.37",
                  "dependencies": {
                    "cssom": {
                      "version": "0.3.2"
                    }
                  }
                },
                "escodegen": {
                  "version": "1.8.1",
                  "dependencies": {
                    "esprima": {
                      "version": "2.7.3"
                    },
                    "estraverse": {
                      "version": "1.9.3"
                    },
                    "esutils": {
                      "version": "2.0.2"
                    },
                    "optionator": {
                      "version": "0.8.2",
                      "dependencies": {
                        "deep-is": {
                          "version": "0.1.3"
                        },
                        "fast-levenshtein": {
                          "version": "2.0.6"
                        },
                        "levn": {
                          "version": "0.3.0",
                          "dependencies": {
                            "prelude-ls": {
                              "version": "1.1.2"
                            },
                            "type-check": {
                              "version": "0.3.2",
                              "dependencies": {
                                "prelude-ls": {
                                  "version": "1.1.2"
                                }
                              }
                            }
                          }
                        },
                        "prelude-ls": {
                          "version": "1.1.2"
                        },
                        "type-check": {
                          "version": "0.3.2",
                          "dependencies": {
                            "prelude-ls": {
                              "version": "1.1.2"
                            }
                          }
                        },
                        "wordwrap": {
                          "version": "1.0.0"
                        }
                      }
                    },
                    "source-map": {
                      "version": "0.2.0",
                      "optional": true,
                      "dependencies": {
                        "amdefine": {
                          "version": "1.0.1",
                          "optional": true
                        }
                      }
                    }
                  }
                },
                "html-encoding-sniffer": {
                  "version": "1.0.1",
                  "dependencies": {
                    "whatwg-encoding": {
                      "version": "1.0.1",
                      "dependencies": {
                        "iconv-lite": {
                          "version": "0.4.13"
                        }
                      }
                    }
                  }
                },
                "nwmatcher": {
                  "version": "1.4.0"
                },
                "parse5": {
                  "version": "1.5.1"
                },
                "request": {
                  "version": "2.81.0",
                  "dependencies": {
                    "aws-sign2": {
                      "version": "0.6.0"
                    },
                    "aws4": {
                      "version": "1.6.0"
                    },
                    "caseless": {
                      "version": "0.12.0"
                    },
                    "combined-stream": {
                      "version": "1.0.5",
                      "dependencies": {
                        "delayed-stream": {
                          "version": "1.0.0"
                        }
                      }
                    },
                    "extend": {
                      "version": "3.0.1"
                    },
                    "forever-agent": {
                      "version": "0.6.1"
                    },
                    "form-data": {
                      "version": "2.1.4",
                      "dependencies": {
                        "asynckit": {
                          "version": "0.4.0"
                        },
                        "combined-stream": {
                          "version": "1.0.5",
                          "dependencies": {
                            "delayed-stream": {
                              "version": "1.0.0"
                            }
                          }
                        },
                        "mime-types": {
                          "version": "2.1.15",
                          "dependencies": {
                            "mime-db": {
                              "version": "1.27.0"
                            }
                          }
                        }
                      }
                    },
                    "har-validator": {
                      "version": "4.2.1",
                      "dependencies": {
                        "ajv": {
                          "version": "4.11.8",
                          "dependencies": {
                            "co": {
                              "version": "4.6.0"
                            },
                            "json-stable-stringify": {
                              "version": "1.0.1",
                              "dependencies": {
                                "jsonify": {
                                  "version": "0.0.0"
                                }
                              }
                            }
                          }
                        },
                        "har-schema": {
                          "version": "1.0.5"
                        }
                      }
                    },
                    "hawk": {
                      "version": "3.1.3",
                      "dependencies": {
                        "boom": {
                          "version": "2.10.1",
                          "dependencies": {
                            "hoek": {
                              "version": "2.16.3"
                            }
                          }
                        },
                        "cryptiles": {
                          "version": "2.0.5",
                          "dependencies": {
                            "boom": {
                              "version": "2.10.1",
                              "dependencies": {
                                "hoek": {
                                  "version": "2.16.3"
                                }
                              }
                            }
                          }
                        },
                        "hoek": {
                          "version": "2.16.3"
                        },
                        "sntp": {
                          "version": "1.0.9",
                          "dependencies": {
                            "hoek": {
                              "version": "2.16.3"
                            }
                          }
                        }
                      }
                    },
                    "http-signature": {
                      "version": "1.1.1",
                      "dependencies": {
                        "assert-plus": {
                          "version": "0.2.0"
                        },
                        "jsprim": {
                          "version": "1.4.0",
                          "dependencies": {
                            "assert-plus": {
                              "version": "1.0.0"
                            },
                            "extsprintf": {
                              "version": "1.0.2"
                            },
                            "json-schema": {
                              "version": "0.2.3"
                            },
                            "verror": {
                              "version": "1.3.6",
                              "dependencies": {
                                "extsprintf": {
                                  "version": "1.0.2"
                                }
                              }
                            }
                          }
                        },
                        "sshpk": {
                          "version": "1.13.1",
                          "dependencies": {
                            "asn1": {
                              "version": "0.2.3"
                            },
                            "assert-plus": {
                              "version": "1.0.0"
                            },
                            "bcrypt-pbkdf": {
                              "version": "1.0.1",
                              "optional": true,
                              "dependencies": {
                                "tweetnacl": {
                                  "version": "0.14.5",
                                  "optional": true
                                }
                              }
                            },
                            "dashdash": {
                              "version": "1.14.1",
                              "dependencies": {
                                "assert-plus": {
                                  "version": "1.0.0"
                                }
                              }
                            },
                            "ecc-jsbn": {
                              "version": "0.1.1",
                              "optional": true,
                              "dependencies": {
                                "jsbn": {
                                  "version": "0.1.1",
                                  "optional": true
                                }
                              }
                            },
                            "getpass": {
                              "version": "0.1.7",
                              "dependencies": {
                                "assert-plus": {
                                  "version": "1.0.0"
                                }
                              }
                            },
                            "jsbn": {
                              "version": "0.1.1",
                              "optional": true
                            },
                            "tweetnacl": {
                              "version": "0.14.5",
                              "optional": true
                            }
                          }
                        }
                      }
                    },
                    "is-typedarray": {
                      "version": "1.0.0"
                    },
                    "isstream": {
                      "version": "0.1.2"
                    },
                    "json-stringify-safe": {
                      "version": "5.0.1"
                    },
                    "mime-types": {
                      "version": "2.1.15",
                      "dependencies": {
                        "mime-db": {
                          "version": "1.27.0"
                        }
                      }
                    },
                    "oauth-sign": {
                      "version": "0.8.2"
                    },
                    "performance-now": {
                      "version": "0.2.0"
                    },
                    "qs": {
                      "version": "6.4.0"
                    },
                    "safe-buffer": {
                      "version": "5.1.0"
                    },
                    "stringstream": {
                      "version": "0.0.5"
                    },
                    "tough-cookie": {
                      "version": "2.3.2",
                      "dependencies": {
                        "punycode": {
                          "version": "1.4.1"
                        }
                      }
                    },
                    "tunnel-agent": {
                      "version": "0.6.0",
                      "dependencies": {
                        "safe-buffer": {
                          "version": "5.1.0"
                        }
                      }
                    },
                    "uuid": {
                      "version": "3.1.0"
                    }
                  }
                },
                "sax": {
                  "version": "1.2.2"
                },
                "symbol-tree": {
                  "version": "3.2.2"
                },
                "tough-cookie": {
                  "version": "2.3.2",
                  "dependencies": {
                    "punycode": {
                      "version": "1.4.1"
                    }
                  }
                },
                "webidl-conversions": {
                  "version": "4.0.1"
                },
                "whatwg-encoding": {
                  "version": "1.0.1",
                  "dependencies": {
                    "iconv-lite": {
                      "version": "0.4.13"
                    }
                  }
                },
                "whatwg-url": {
                  "version": "4.8.0",
                  "dependencies": {
                    "tr46": {
                      "version": "0.0.3"
                    },
                    "webidl-conversions": {
                      "version": "3.0.1"
                    }
                  }
                },
                "xml-name-validator": {
                  "version": "2.0.1"
                }
              }
            }
          }
        }
      }
    }
  }
}
